// !$*UTF8*$!
{
	archiveVersion = 1;
	classes = {
	};
	objectVersion = 46;
	objects = {

/* Begin PBXBuildFile section */
		F475BE651A925BC300776B83 /* main.m in Sources */ = {isa = PBXBuildFile; fileRef = F475BE641A925BC300776B83 /* main.m */; };
		F475BE681A925BC300776B83 /* AppDelegate.m in Sources */ = {isa = PBXBuildFile; fileRef = F475BE671A925BC300776B83 /* AppDelegate.m */; };
		F475BE731A925BC300776B83 /* LaunchScreen.xib in Resources */ = {isa = PBXBuildFile; fileRef = F475BE711A925BC300776B83 /* LaunchScreen.xib */; };
		F4CB74751A92BBC100DBD411 /* Appollo.framework in Frameworks */ = {isa = PBXBuildFile; fileRef = F4CB74741A92BBC100DBD411 /* Appollo.framework */; };
		F4CB74771A92BC6800DBD411 /* README.md in Sources */ = {isa = PBXBuildFile; fileRef = F4CB74761A92BC6800DBD411 /* README.md */; };
		F4E6B3431A9291E500E621C5 /* MainTableViewController.m in Sources */ = {isa = PBXBuildFile; fileRef = F4E6B3421A9291E500E621C5 /* MainTableViewController.m */; };
		F4E6B3471A92921500E621C5 /* NotificationCell.m in Sources */ = {isa = PBXBuildFile; fileRef = F4E6B3461A92921500E621C5 /* NotificationCell.m */; };
		F4E6B34B1A92928800E621C5 /* Media.xcassets in Resources */ = {isa = PBXBuildFile; fileRef = F4E6B34A1A92928800E621C5 /* Media.xcassets */; };
		F4E6B3501A92946B00E621C5 /* Main.storyboard in Resources */ = {isa = PBXBuildFile; fileRef = F4E6B34F1A92946B00E621C5 /* Main.storyboard */; };
		F4E6B3541A92978500E621C5 /* inmediatum.gpx in Resources */ = {isa = PBXBuildFile; fileRef = F4E6B3531A92978500E621C5 /* inmediatum.gpx */; };
/* End PBXBuildFile section */

/* Begin PBXFileReference section */
		F475BE5F1A925BC300776B83 /* Appollo Console.app */ = {isa = PBXFileReference; explicitFileType = wrapper.application; includeInIndex = 0; path = "Appollo Console.app"; sourceTree = BUILT_PRODUCTS_DIR; };
		F475BE631A925BC300776B83 /* Info.plist */ = {isa = PBXFileReference; lastKnownFileType = text.plist.xml; path = Info.plist; sourceTree = "<group>"; };
		F475BE641A925BC300776B83 /* main.m */ = {isa = PBXFileReference; lastKnownFileType = sourcecode.c.objc; path = main.m; sourceTree = "<group>"; };
		F475BE661A925BC300776B83 /* AppDelegate.h */ = {isa = PBXFileReference; lastKnownFileType = sourcecode.c.h; path = AppDelegate.h; sourceTree = "<group>"; };
		F475BE671A925BC300776B83 /* AppDelegate.m */ = {isa = PBXFileReference; lastKnownFileType = sourcecode.c.objc; path = AppDelegate.m; sourceTree = "<group>"; };
		F475BE721A925BC300776B83 /* Base */ = {isa = PBXFileReference; lastKnownFileType = file.xib; name = Base; path = Base.lproj/LaunchScreen.xib; sourceTree = "<group>"; };
		F4CB74741A92BBC100DBD411 /* Appollo.framework */ = {isa = PBXFileReference; lastKnownFileType = wrapper.framework; path = Appollo.framework; sourceTree = "<group>"; };
		F4CB74761A92BC6800DBD411 /* README.md */ = {isa = PBXFileReference; fileEncoding = 4; lastKnownFileType = net.daringfireball.markdown; path = README.md; sourceTree = "<group>"; };
		F4E6B3411A9291E500E621C5 /* MainTableViewController.h */ = {isa = PBXFileReference; fileEncoding = 4; lastKnownFileType = sourcecode.c.h; path = MainTableViewController.h; sourceTree = "<group>"; };
		F4E6B3421A9291E500E621C5 /* MainTableViewController.m */ = {isa = PBXFileReference; fileEncoding = 4; lastKnownFileType = sourcecode.c.objc; path = MainTableViewController.m; sourceTree = "<group>"; };
		F4E6B3451A92921500E621C5 /* NotificationCell.h */ = {isa = PBXFileReference; fileEncoding = 4; lastKnownFileType = sourcecode.c.h; path = NotificationCell.h; sourceTree = "<group>"; };
		F4E6B3461A92921500E621C5 /* NotificationCell.m */ = {isa = PBXFileReference; fileEncoding = 4; lastKnownFileType = sourcecode.c.objc; path = NotificationCell.m; sourceTree = "<group>"; };
		F4E6B34A1A92928800E621C5 /* Media.xcassets */ = {isa = PBXFileReference; lastKnownFileType = folder.assetcatalog; path = Media.xcassets; sourceTree = "<group>"; };
		F4E6B34F1A92946B00E621C5 /* Main.storyboard */ = {isa = PBXFileReference; fileEncoding = 4; lastKnownFileType = file.storyboard; path = Main.storyboard; sourceTree = "<group>"; };
		F4E6B3531A92978500E621C5 /* inmediatum.gpx */ = {isa = PBXFileReference; fileEncoding = 4; lastKnownFileType = text.xml; path = inmediatum.gpx; sourceTree = "<group>"; };
/* End PBXFileReference section */

/* Begin PBXFrameworksBuildPhase section */
		F475BE5C1A925BC300776B83 /* Frameworks */ = {
			isa = PBXFrameworksBuildPhase;
			buildActionMask = 2147483647;
			files = (
				F4CB74751A92BBC100DBD411 /* Appollo.framework in Frameworks */,
			);
			runOnlyForDeploymentPostprocessing = 0;
		};
/* End PBXFrameworksBuildPhase section */

/* Begin PBXGroup section */
		F475BE561A925BC300776B83 = {
			isa = PBXGroup;
			children = (
				F4CB74761A92BC6800DBD411 /* README.md */,
				F4CB74741A92BBC100DBD411 /* Appollo.framework */,
				F4E6B3531A92978500E621C5 /* inmediatum.gpx */,
				F475BE611A925BC300776B83 /* Appollo Console */,
				F475BE601A925BC300776B83 /* Products */,
			);
			sourceTree = "<group>";
		};
		F475BE601A925BC300776B83 /* Products */ = {
			isa = PBXGroup;
			children = (
				F475BE5F1A925BC300776B83 /* Appollo Console.app */,
			);
			name = Products;
			sourceTree = "<group>";
		};
		F475BE611A925BC300776B83 /* Appollo Console */ = {
			isa = PBXGroup;
			children = (
				F4E6B3441A9291F500E621C5 /* MainView */,
				F475BE661A925BC300776B83 /* AppDelegate.h */,
				F475BE671A925BC300776B83 /* AppDelegate.m */,
				F4E6B34F1A92946B00E621C5 /* Main.storyboard */,
				F475BE711A925BC300776B83 /* LaunchScreen.xib */,
				F475BE621A925BC300776B83 /* Supporting Files */,
				F4E6B34A1A92928800E621C5 /* Media.xcassets */,
			);
			path = "Appollo Console";
			sourceTree = "<group>";
		};
		F475BE621A925BC300776B83 /* Supporting Files */ = {
			isa = PBXGroup;
			children = (
				F475BE631A925BC300776B83 /* Info.plist */,
				F475BE641A925BC300776B83 /* main.m */,
			);
			name = "Supporting Files";
			sourceTree = "<group>";
		};
		F4E6B3441A9291F500E621C5 /* MainView */ = {
			isa = PBXGroup;
			children = (
				F4E6B3411A9291E500E621C5 /* MainTableViewController.h */,
				F4E6B3421A9291E500E621C5 /* MainTableViewController.m */,
				F4E6B3451A92921500E621C5 /* NotificationCell.h */,
				F4E6B3461A92921500E621C5 /* NotificationCell.m */,
			);
			name = MainView;
			sourceTree = "<group>";
		};
/* End PBXGroup section */

/* Begin PBXNativeTarget section */
		F475BE5E1A925BC300776B83 /* Appollo Console */ = {
			isa = PBXNativeTarget;
			buildConfigurationList = F475BE821A925BC300776B83 /* Build configuration list for PBXNativeTarget "Appollo Console" */;
			buildPhases = (
				F475BE5B1A925BC300776B83 /* Sources */,
				F475BE5C1A925BC300776B83 /* Frameworks */,
				F475BE5D1A925BC300776B83 /* Resources */,
			);
			buildRules = (
			);
			dependencies = (
			);
			name = "Appollo Console";
			productName = "Appollo Console";
			productReference = F475BE5F1A925BC300776B83 /* Appollo Console.app */;
			productType = "com.apple.product-type.application";
		};
/* End PBXNativeTarget section */

/* Begin PBXProject section */
		F475BE571A925BC300776B83 /* Project object */ = {
			isa = PBXProject;
			attributes = {
				LastUpgradeCheck = 0610;
				ORGANIZATIONNAME = Inmediatum;
				TargetAttributes = {
					F475BE5E1A925BC300776B83 = {
						CreatedOnToolsVersion = 6.1;
						SystemCapabilities = {
							com.apple.BackgroundModes = {
								enabled = 1;
							};
						};
					};
				};
			};
			buildConfigurationList = F475BE5A1A925BC300776B83 /* Build configuration list for PBXProject "Appollo Console" */;
			compatibilityVersion = "Xcode 3.2";
			developmentRegion = English;
			hasScannedForEncodings = 0;
			knownRegions = (
				en,
				Base,
			);
			mainGroup = F475BE561A925BC300776B83;
			productRefGroup = F475BE601A925BC300776B83 /* Products */;
			projectDirPath = "";
			projectRoot = "";
			targets = (
				F475BE5E1A925BC300776B83 /* Appollo Console */,
			);
		};
/* End PBXProject section */

/* Begin PBXResourcesBuildPhase section */
		F475BE5D1A925BC300776B83 /* Resources */ = {
			isa = PBXResourcesBuildPhase;
			buildActionMask = 2147483647;
			files = (
				F4E6B3541A92978500E621C5 /* inmediatum.gpx in Resources */,
				F4E6B3501A92946B00E621C5 /* Main.storyboard in Resources */,
				F4E6B34B1A92928800E621C5 /* Media.xcassets in Resources */,
				F475BE731A925BC300776B83 /* LaunchScreen.xib in Resources */,
			);
			runOnlyForDeploymentPostprocessing = 0;
		};
/* End PBXResourcesBuildPhase section */

/* Begin PBXSourcesBuildPhase section */
		F475BE5B1A925BC300776B83 /* Sources */ = {
			isa = PBXSourcesBuildPhase;
			buildActionMask = 2147483647;
			files = (
				F4E6B3471A92921500E621C5 /* NotificationCell.m in Sources */,
				F475BE681A925BC300776B83 /* AppDelegate.m in Sources */,
				F4CB74771A92BC6800DBD411 /* README.md in Sources */,
				F475BE651A925BC300776B83 /* main.m in Sources */,
				F4E6B3431A9291E500E621C5 /* MainTableViewController.m in Sources */,
			);
			runOnlyForDeploymentPostprocessing = 0;
		};
/* End PBXSourcesBuildPhase section */

/* Begin PBXVariantGroup section */
		F475BE711A925BC300776B83 /* LaunchScreen.xib */ = {
			isa = PBXVariantGroup;
			children = (
				F475BE721A925BC300776B83 /* Base */,
			);
			name = LaunchScreen.xib;
			sourceTree = "<group>";
		};
/* End PBXVariantGroup section */

/* Begin XCBuildConfiguration section */
		F475BE801A925BC300776B83 /* Debug */ = {
			isa = XCBuildConfiguration;
			buildSettings = {
				ALWAYS_SEARCH_USER_PATHS = NO;
				CLANG_CXX_LANGUAGE_STANDARD = "gnu++0x";
				CLANG_CXX_LIBRARY = "libc++";
				CLANG_ENABLE_MODULES = YES;
				CLANG_ENABLE_OBJC_ARC = YES;
				CLANG_WARN_BOOL_CONVERSION = YES;
				CLANG_WARN_CONSTANT_CONVERSION = YES;
				CLANG_WARN_DIRECT_OBJC_ISA_USAGE = YES_ERROR;
				CLANG_WARN_EMPTY_BODY = YES;
				CLANG_WARN_ENUM_CONVERSION = YES;
				CLANG_WARN_INT_CONVERSION = YES;
				CLANG_WARN_OBJC_ROOT_CLASS = YES_ERROR;
				CLANG_WARN_UNREACHABLE_CODE = YES;
				CLANG_WARN__DUPLICATE_METHOD_MATCH = YES;
				"CODE_SIGN_IDENTITY[sdk=iphoneos*]" = "iPhone Developer";
				COPY_PHASE_STRIP = NO;
				ENABLE_STRICT_OBJC_MSGSEND = YES;
				GCC_C_LANGUAGE_STANDARD = gnu99;
				GCC_DYNAMIC_NO_PIC = NO;
				GCC_OPTIMIZATION_LEVEL = 0;
				GCC_PREPROCESSOR_DEFINITIONS = (
					"DEBUG=1",
					"$(inherited)",
				);
				GCC_SYMBOLS_PRIVATE_EXTERN = NO;
				GCC_WARN_64_TO_32_BIT_CONVERSION = YES;
				GCC_WARN_ABOUT_RETURN_TYPE = YES_ERROR;
				GCC_WARN_UNDECLARED_SELECTOR = YES;
				GCC_WARN_UNINITIALIZED_AUTOS = YES_AGGRESSIVE;
				GCC_WARN_UNUSED_FUNCTION = YES;
				GCC_WARN_UNUSED_VARIABLE = YES;
				IPHONEOS_DEPLOYMENT_TARGET = 8.1;
				MTL_ENABLE_DEBUG_INFO = YES;
				ONLY_ACTIVE_ARCH = YES;
				SDKROOT = iphoneos;
				TARGETED_DEVICE_FAMILY = "1,2";
			};
			name = Debug;
		};
		F475BE811A925BC300776B83 /* Release */ = {
			isa = XCBuildConfiguration;
			buildSettings = {
				ALWAYS_SEARCH_USER_PATHS = NO;
				CLANG_CXX_LANGUAGE_STANDARD = "gnu++0x";
				CLANG_CXX_LIBRARY = "libc++";
				CLANG_ENABLE_MODULES = YES;
				CLANG_ENABLE_OBJC_ARC = YES;
				CLANG_WARN_BOOL_CONVERSION = YES;
				CLANG_WARN_CONSTANT_CONVERSION = YES;
				CLANG_WARN_DIRECT_OBJC_ISA_USAGE = YES_ERROR;
				CLANG_WARN_EMPTY_BODY = YES;
				CLANG_WARN_ENUM_CONVERSION = YES;
				CLANG_WARN_INT_CONVERSION = YES;
				CLANG_WARN_OBJC_ROOT_CLASS = YES_ERROR;
				CLANG_WARN_UNREACHABLE_CODE = YES;
				CLANG_WARN__DUPLICATE_METHOD_MATCH = YES;
				"CODE_SIGN_IDENTITY[sdk=iphoneos*]" = "iPhone Developer";
				COPY_PHASE_STRIP = YES;
				ENABLE_NS_ASSERTIONS = NO;
				ENABLE_STRICT_OBJC_MSGSEND = YES;
				GCC_C_LANGUAGE_STANDARD = gnu99;
				GCC_WARN_64_TO_32_BIT_CONVERSION = YES;
				GCC_WARN_ABOUT_RETURN_TYPE = YES_ERROR;
				GCC_WARN_UNDECLARED_SELECTOR = YES;
				GCC_WARN_UNINITIALIZED_AUTOS = YES_AGGRESSIVE;
				GCC_WARN_UNUSED_FUNCTION = YES;
				GCC_WARN_UNUSED_VARIABLE = YES;
				IPHONEOS_DEPLOYMENT_TARGET = 8.1;
				MTL_ENABLE_DEBUG_INFO = NO;
				SDKROOT = iphoneos;
				TARGETED_DEVICE_FAMILY = "1,2";
				VALIDATE_PRODUCT = YES;
			};
			name = Release;
		};
		F475BE831A925BC300776B83 /* Debug */ = {
			isa = XCBuildConfiguration;
			buildSettings = {
				ASSETCATALOG_COMPILER_APPICON_NAME = AppIcon;
				CODE_SIGN_IDENTITY = "iPhone Developer: Cristopher Serrato (CKUVK4P836)";
				FRAMEWORK_SEARCH_PATHS = (
					"$(inherited)",
					"$(PROJECT_DIR)/Appollo",
					Console,
					"$(PROJECT_DIR)/Appollo",
					Console,
					"$(PROJECT_DIR)/Appollo",
					Console,
					"$(PROJECT_DIR)/Appollo",
					Console,
					"$(PROJECT_DIR)",
				);
				INFOPLIST_FILE = "Appollo Console/Info.plist";
				IPHONEOS_DEPLOYMENT_TARGET = 8.0;
				LD_RUNPATH_SEARCH_PATHS = "$(inherited) @executable_path/Frameworks";
				OTHER_LDFLAGS = "-ObjC";
				PRODUCT_NAME = "$(TARGET_NAME)";
				PROVISIONING_PROFILE = "30992e62-10d4-4b55-80e2-c963f6811b81";
			};
			name = Debug;
		};
		F475BE841A925BC300776B83 /* Release */ = {
			isa = XCBuildConfiguration;
			buildSettings = {
				ASSETCATALOG_COMPILER_APPICON_NAME = AppIcon;
				CODE_SIGN_IDENTITY = "iPhone Distribution: Inmediatum Technology Services, S.A. de C.V. (9SL78H4EUY)";
				FRAMEWORK_SEARCH_PATHS = (
					"$(inherited)",
					"$(PROJECT_DIR)/Appollo",
					Console,
					"$(PROJECT_DIR)/Appollo",
					Console,
					"$(PROJECT_DIR)/Appollo",
					Console,
					"$(PROJECT_DIR)/Appollo",
					Console,
					"$(PROJECT_DIR)",
				);
				INFOPLIST_FILE = "Appollo Console/Info.plist";
				IPHONEOS_DEPLOYMENT_TARGET = 8.0;
				LD_RUNPATH_SEARCH_PATHS = "$(inherited) @executable_path/Frameworks";
				OTHER_LDFLAGS = "-ObjC";
				PRODUCT_NAME = "$(TARGET_NAME)";
				PROVISIONING_PROFILE = "741c2832-a550-4bda-9863-695900ce4541";
			};
			name = Release;
		};
/* End XCBuildConfiguration section */

/* Begin XCConfigurationList section */
		F475BE5A1A925BC300776B83 /* Build configuration list for PBXProject "Appollo Console" */ = {
			isa = XCConfigurationList;
			buildConfigurations = (
				F475BE801A925BC300776B83 /* Debug */,
				F475BE811A925BC300776B83 /* Release */,
			);
			defaultConfigurationIsVisible = 0;
			defaultConfigurationName = Release;
		};
		F475BE821A925BC300776B83 /* Build configuration list for PBXNativeTarget "Appollo Console" */ = {
			isa = XCConfigurationList;
			buildConfigurations = (
				F475BE831A925BC300776B83 /* Debug */,
				F475BE841A925BC300776B83 /* Release */,
			);
			defaultConfigurationIsVisible = 0;
			defaultConfigurationName = Release;
		};
/* End XCConfigurationList section */
	};
	rootObject = F475BE571A925BC300776B83 /* Project object */;
}
